
Microsoft Visual Studio Solution File, Format Version 12.00
# Visual Studio 15
VisualStudioVersion = 15.0.27130.0
MinimumVisualStudioVersion = 10.0.40219.1
Project("{FAE04EC0-301F-11D3-BF4B-00C04F79EFBC}") = "WindowsFormsApp1", "WindowsFormsApp1\WindowsFormsApp1.csproj", "{3A7F8A7B-EEA5-422D-8F51-3DC0187F65DF}"
EndProject
Global
	GlobalSection(SolutionConfigurationPlatforms) = preSolution
		Debug|Any CPU = Debug|Any CPU
		Release|Any CPU = Release|Any CPU
	EndGlobalSection
	GlobalSection(ProjectConfigurationPlatforms) = postSolution
		{3A7F8A7B-EEA5-422D-8F51-3DC0187F65DF}.Debug|Any CPU.ActiveCfg = Debug|Any CPU
		{3A7F8A7B-EEA5-422D-8F51-3DC0187F65DF}.Debug|Any CPU.Build.0 = Debug|Any CPU
		{3A7F8A7B-EEA5-422D-8F51-3DC0187F65DF}.Release|Any CPU.ActiveCfg = Release|Any CPU
		{3A7F8A7B-EEA5-422D-8F51-3DC0187F65DF}.Release|Any CPU.Build.0 = Release|Any CPU
	EndGlobalSection
	GlobalSection(SolutionProperties) = preSolution
		HideSolutionNode = FALSE
	EndGlobalSection
	GlobalSection(ExtensibilityGlobals) = postSolution
		SolutionGuid = {5A61DCA6-7033-4471-92CC-8328F3FD2A04}
	EndGlobalSection
EndGlobal
